{
  "object": {
    "pins": [
      {
        "package": "Logger",
        "repositoryURL": "https://github.com/elegantchaos/Logger.git",
        "state": {
          "branch": null,
          "revision": "e8a0dea5e826a6b3f7d020bd113247274991fb97",
          "version": "1.5.5"
        }
      }
    ]
  },
  "version": 1
}
